
Microsoft Visual Studio Solution File, Format Version 12.00
# Visual Studio 2013
VisualStudioVersion = 12.0.30501.0
MinimumVisualStudioVersion = 10.0.40219.1
Project("{FAE04EC0-301F-11D3-BF4B-00C04F79EFBC}") = "memCached", "memCached\memCached.csproj", "{57450EF1-E381-4FA0-8CB9-A9A3E1877627}"
EndProject
Project("{FAE04EC0-301F-11D3-BF4B-00C04F79EFBC}") = "Redis", "Redis\Redis.csproj", "{B99A0B90-00AF-4301-99DF-B96B0AF5BD89}"
EndProject
Project("{FAE04EC0-301F-11D3-BF4B-00C04F79EFBC}") = "outputcache", "outputcache\outputcache.csproj", "{7FBF68CF-5A7A-4A3D-8834-4A60D039AD2A}"
EndProject
Project("{FAE04EC0-301F-11D3-BF4B-00C04F79EFBC}") = "mobileweb", "mobileweb\mobileweb.csproj", "{8F3BB826-3E6C-46B8-9847-7D1721C5D466}"
EndProject
Global
	GlobalSection(SolutionConfigurationPlatforms) = preSolution
		Debug|Any CPU = Debug|Any CPU
		Release|Any CPU = Release|Any CPU
	EndGlobalSection
	GlobalSection(ProjectConfigurationPlatforms) = postSolution
		{57450EF1-E381-4FA0-8CB9-A9A3E1877627}.Debug|Any CPU.ActiveCfg = Debug|Any CPU
		{57450EF1-E381-4FA0-8CB9-A9A3E1877627}.Debug|Any CPU.Build.0 = Debug|Any CPU
		{57450EF1-E381-4FA0-8CB9-A9A3E1877627}.Release|Any CPU.ActiveCfg = Release|Any CPU
		{57450EF1-E381-4FA0-8CB9-A9A3E1877627}.Release|Any CPU.Build.0 = Release|Any CPU
		{B99A0B90-00AF-4301-99DF-B96B0AF5BD89}.Debug|Any CPU.ActiveCfg = Debug|Any CPU
		{B99A0B90-00AF-4301-99DF-B96B0AF5BD89}.Debug|Any CPU.Build.0 = Debug|Any CPU
		{B99A0B90-00AF-4301-99DF-B96B0AF5BD89}.Release|Any CPU.ActiveCfg = Release|Any CPU
		{B99A0B90-00AF-4301-99DF-B96B0AF5BD89}.Release|Any CPU.Build.0 = Release|Any CPU
		{7FBF68CF-5A7A-4A3D-8834-4A60D039AD2A}.Debug|Any CPU.ActiveCfg = Debug|Any CPU
		{7FBF68CF-5A7A-4A3D-8834-4A60D039AD2A}.Debug|Any CPU.Build.0 = Debug|Any CPU
		{7FBF68CF-5A7A-4A3D-8834-4A60D039AD2A}.Release|Any CPU.ActiveCfg = Release|Any CPU
		{7FBF68CF-5A7A-4A3D-8834-4A60D039AD2A}.Release|Any CPU.Build.0 = Release|Any CPU
		{8F3BB826-3E6C-46B8-9847-7D1721C5D466}.Debug|Any CPU.ActiveCfg = Debug|Any CPU
		{8F3BB826-3E6C-46B8-9847-7D1721C5D466}.Debug|Any CPU.Build.0 = Debug|Any CPU
		{8F3BB826-3E6C-46B8-9847-7D1721C5D466}.Release|Any CPU.ActiveCfg = Release|Any CPU
		{8F3BB826-3E6C-46B8-9847-7D1721C5D466}.Release|Any CPU.Build.0 = Release|Any CPU
	EndGlobalSection
	GlobalSection(SolutionProperties) = preSolution
		HideSolutionNode = FALSE
	EndGlobalSection
EndGlobal
